# This file is automatically @generated by Cargo.
# It is not intended for manual editing.
version = 3

[[package]]
name = "bool32"
version = "0.1.1"
source = "registry+https://github.com/rust-lang/crates.io-index"
checksum = "e8459737325e57ad10b38dc1af42f9228005dd6a3e9f43bdd76c8ceb6e9c46fc"

[[package]]
name = "cc"
version = "1.0.81"
source = "registry+https://github.com/rust-lang/crates.io-index"
checksum = "6c6b2562119bf28c3439f7f02db99faf0aa1a8cdfe5772a2ee155d32227239f0"
dependencies = [
 "libc",
]

[[package]]
name = "cloth_physics_simulation_2d"
version = "0.1.0"
dependencies = [
 "fermium",
]

[[package]]
name = "cmake"
version = "0.1.50"
source = "registry+https://github.com/rust-lang/crates.io-index"
checksum = "a31c789563b815f77f4250caee12365734369f942439b7defd71e18a48197130"
dependencies = [
 "cc",
]

[[package]]
name = "fermium"
version = "22605.0.0"
source = "registry+https://github.com/rust-lang/crates.io-index"
checksum = "0c600c8c2396ad4229ce7c79dcac0cbe1be5fad1dc61b639573cbddeaed1a661"
dependencies = [
 "bool32",
 "cmake",
]

[[package]]
name = "libc"
version = "0.2.147"
source = "registry+https://github.com/rust-lang/crates.io-index"
checksum = "b4668fb0ea861c1df094127ac5f1da3409a82116a4ba74fca2e58ef927159bb3"
